
Microsoft Visual Studio Solution File, Format Version 12.00
# Visual Studio 15
VisualStudioVersion = 15.0.27703.2042
MinimumVisualStudioVersion = 10.0.40219.1
Project("{FAE04EC0-301F-11D3-BF4B-00C04F79EFBC}") = "CircularGauge.Android", "CircularGauge\CircularGauge.Android\CircularGauge.Android.csproj", "{50FBF99D-7736-4012-A2CB-F56A241E94B2}"
EndProject
Project("{FAE04EC0-301F-11D3-BF4B-00C04F79EFBC}") = "CircularGauge.iOS", "CircularGauge\CircularGauge.iOS\CircularGauge.iOS.csproj", "{FA70D574-E31D-4747-938D-F461D2F4BEAF}"
EndProject
Project("{FAE04EC0-301F-11D3-BF4B-00C04F79EFBC}") = "CircularGauge.UWP", "CircularGauge\CircularGauge.UWP\CircularGauge.UWP.csproj", "{58F46D39-FA16-4F30-B71F-79B4BB13158B}"
EndProject
Project("{FAE04EC0-301F-11D3-BF4B-00C04F79EFBC}") = "CircularGauge", "CircularGauge\CircularGauge\CircularGauge.csproj", "{A1AE6106-289C-487F-9F9E-088E3986C096}"
EndProject
Global
	GlobalSection(SolutionConfigurationPlatforms) = preSolution
		Ad-Hoc|Any CPU = Ad-Hoc|Any CPU
		Ad-Hoc|ARM = Ad-Hoc|ARM
		Ad-Hoc|iPhone = Ad-Hoc|iPhone
		Ad-Hoc|iPhoneSimulator = Ad-Hoc|iPhoneSimulator
		Ad-Hoc|x64 = Ad-Hoc|x64
		Ad-Hoc|x86 = Ad-Hoc|x86
		AppStore|Any CPU = AppStore|Any CPU
		AppStore|ARM = AppStore|ARM
		AppStore|iPhone = AppStore|iPhone
		AppStore|iPhoneSimulator = AppStore|iPhoneSimulator
		AppStore|x64 = AppStore|x64
		AppStore|x86 = AppStore|x86
		Debug|Any CPU = Debug|Any CPU
		Debug|ARM = Debug|ARM
		Debug|iPhone = Debug|iPhone
		Debug|iPhoneSimulator = Debug|iPhoneSimulator
		Debug|x64 = Debug|x64
		Debug|x86 = Debug|x86
		Release|Any CPU = Release|Any CPU
		Release|ARM = Release|ARM
		Release|iPhone = Release|iPhone
		Release|iPhoneSimulator = Release|iPhoneSimulator
		Release|x64 = Release|x64
		Release|x86 = Release|x86
	EndGlobalSection
	GlobalSection(ProjectConfigurationPlatforms) = postSolution
		{50FBF99D-7736-4012-A2CB-F56A241E94B2}.Ad-Hoc|Any CPU.ActiveCfg = Release|Any CPU
		{50FBF99D-7736-4012-A2CB-F56A241E94B2}.Ad-Hoc|Any CPU.Build.0 = Release|Any CPU
		{50FBF99D-7736-4012-A2CB-F56A241E94B2}.Ad-Hoc|Any CPU.Deploy.0 = Release|Any CPU
		{50FBF99D-7736-4012-A2CB-F56A241E94B2}.Ad-Hoc|ARM.ActiveCfg = Release|Any CPU
		{50FBF99D-7736-4012-A2CB-F56A241E94B2}.Ad-Hoc|ARM.Build.0 = Release|Any CPU
		{50FBF99D-7736-4012-A2CB-F56A241E94B2}.Ad-Hoc|ARM.Deploy.0 = Release|Any CPU
		{50FBF99D-7736-4012-A2CB-F56A241E94B2}.Ad-Hoc|iPhone.ActiveCfg = Release|Any CPU
		{50FBF99D-7736-4012-A2CB-F56A241E94B2}.Ad-Hoc|iPhone.Build.0 = Release|Any CPU
		{50FBF99D-7736-4012-A2CB-F56A241E94B2}.Ad-Hoc|iPhone.Deploy.0 = Release|Any CPU
		{50FBF99D-7736-4012-A2CB-F56A241E94B2}.Ad-Hoc|iPhoneSimulator.ActiveCfg = Release|Any CPU
		{50FBF99D-7736-4012-A2CB-F56A241E94B2}.Ad-Hoc|iPhoneSimulator.Build.0 = Release|Any CPU
		{50FBF99D-7736-4012-A2CB-F56A241E94B2}.Ad-Hoc|iPhoneSimulator.Deploy.0 = Release|Any CPU
		{50FBF99D-7736-4012-A2CB-F56A241E94B2}.Ad-Hoc|x64.ActiveCfg = Release|Any CPU
		{50FBF99D-7736-4012-A2CB-F56A241E94B2}.Ad-Hoc|x64.Build.0 = Release|Any CPU
		{50FBF99D-7736-4012-A2CB-F56A241E94B2}.Ad-Hoc|x64.Deploy.0 = Release|Any CPU
		{50FBF99D-7736-4012-A2CB-F56A241E94B2}.Ad-Hoc|x86.ActiveCfg = Release|Any CPU
		{50FBF99D-7736-4012-A2CB-F56A241E94B2}.Ad-Hoc|x86.Build.0 = Release|Any CPU
		{50FBF99D-7736-4012-A2CB-F56A241E94B2}.Ad-Hoc|x86.Deploy.0 = Release|Any CPU
		{50FBF99D-7736-4012-A2CB-F56A241E94B2}.AppStore|Any CPU.ActiveCfg = Release|Any CPU
		{50FBF99D-7736-4012-A2CB-F56A241E94B2}.AppStore|Any CPU.Build.0 = Release|Any CPU
		{50FBF99D-7736-4012-A2CB-F56A241E94B2}.AppStore|Any CPU.Deploy.0 = Release|Any CPU
		{50FBF99D-7736-4012-A2CB-F56A241E94B2}.AppStore|ARM.ActiveCfg = Release|Any CPU
		{50FBF99D-7736-4012-A2CB-F56A241E94B2}.AppStore|ARM.Build.0 = Release|Any CPU
		{50FBF99D-7736-4012-A2CB-F56A241E94B2}.AppStore|ARM.Deploy.0 = Release|Any CPU
		{50FBF99D-7736-4012-A2CB-F56A241E94B2}.AppStore|iPhone.ActiveCfg = Release|Any CPU
		{50FBF99D-7736-4012-A2CB-F56A241E94B2}.AppStore|iPhone.Build.0 = Release|Any CPU
		{50FBF99D-7736-4012-A2CB-F56A241E94B2}.AppStore|iPhone.Deploy.0 = Release|Any CPU
		{50FBF99D-7736-4012-A2CB-F56A241E94B2}.AppStore|iPhoneSimulator.ActiveCfg = Release|Any CPU
		{50FBF99D-7736-4012-A2CB-F56A241E94B2}.AppStore|iPhoneSimulator.Build.0 = Release|Any CPU
		{50FBF99D-7736-4012-A2CB-F56A241E94B2}.AppStore|iPhoneSimulator.Deploy.0 = Release|Any CPU
		{50FBF99D-7736-4012-A2CB-F56A241E94B2}.AppStore|x64.ActiveCfg = Release|Any CPU
		{50FBF99D-7736-4012-A2CB-F56A241E94B2}.AppStore|x64.Build.0 = Release|Any CPU
		{50FBF99D-7736-4012-A2CB-F56A241E94B2}.AppStore|x64.Deploy.0 = Release|Any CPU
		{50FBF99D-7736-4012-A2CB-F56A241E94B2}.AppStore|x86.ActiveCfg = Release|Any CPU
		{50FBF99D-7736-4012-A2CB-F56A241E94B2}.AppStore|x86.Build.0 = Release|Any CPU
		{50FBF99D-7736-4012-A2CB-F56A241E94B2}.AppStore|x86.Deploy.0 = Release|Any CPU
		{50FBF99D-7736-4012-A2CB-F56A241E94B2}.Debug|Any CPU.ActiveCfg = Debug|Any CPU
		{50FBF99D-7736-4012-A2CB-F56A241E94B2}.Debug|Any CPU.Build.0 = Debug|Any CPU
		{50FBF99D-7736-4012-A2CB-F56A241E94B2}.Debug|Any CPU.Deploy.0 = Debug|Any CPU
		{50FBF99D-7736-4012-A2CB-F56A241E94B2}.Debug|ARM.ActiveCfg = Debug|Any CPU
		{50FBF99D-7736-4012-A2CB-F56A241E94B2}.Debug|ARM.Build.0 = Debug|Any CPU
		{50FBF99D-7736-4012-A2CB-F56A241E94B2}.Debug|ARM.Deploy.0 = Debug|Any CPU
		{50FBF99D-7736-4012-A2CB-F56A241E94B2}.Debug|iPhone.ActiveCfg = Debug|Any CPU
		{50FBF99D-7736-4012-A2CB-F56A241E94B2}.Debug|iPhone.Build.0 = Debug|Any CPU
		{50FBF99D-7736-4012-A2CB-F56A241E94B2}.Debug|iPhone.Deploy.0 = Debug|Any CPU
		{50FBF99D-7736-4012-A2CB-F56A241E94B2}.Debug|iPhoneSimulator.ActiveCfg = Debug|Any CPU
		{50FBF99D-7736-4012-A2CB-F56A241E94B2}.Debug|iPhoneSimulator.Build.0 = Debug|Any CPU
		{50FBF99D-7736-4012-A2CB-F56A241E94B2}.Debug|iPhoneSimulator.Deploy.0 = Debug|Any CPU
		{50FBF99D-7736-4012-A2CB-F56A241E94B2}.Debug|x64.ActiveCfg = Debug|Any CPU
		{50FBF99D-7736-4012-A2CB-F56A241E94B2}.Debug|x64.Build.0 = Debug|Any CPU
		{50FBF99D-7736-4012-A2CB-F56A241E94B2}.Debug|x64.Deploy.0 = Debug|Any CPU
		{50FBF99D-7736-4012-A2CB-F56A241E94B2}.Debug|x86.ActiveCfg = Debug|Any CPU
		{50FBF99D-7736-4012-A2CB-F56A241E94B2}.Debug|x86.Build.0 = Debug|Any CPU
		{50FBF99D-7736-4012-A2CB-F56A241E94B2}.Debug|x86.Deploy.0 = Debug|Any CPU
		{50FBF99D-7736-4012-A2CB-F56A241E94B2}.Release|Any CPU.ActiveCfg = Release|Any CPU
		{50FBF99D-7736-4012-A2CB-F56A241E94B2}.Release|Any CPU.Build.0 = Release|Any CPU
		{50FBF99D-7736-4012-A2CB-F56A241E94B2}.Release|Any CPU.Deploy.0 = Release|Any CPU
		{50FBF99D-7736-4012-A2CB-F56A241E94B2}.Release|ARM.ActiveCfg = Release|Any CPU
		{50FBF99D-7736-4012-A2CB-F56A241E94B2}.Release|ARM.Build.0 = Release|Any CPU
		{50FBF99D-7736-4012-A2CB-F56A241E94B2}.Release|ARM.Deploy.0 = Release|Any CPU
		{50FBF99D-7736-4012-A2CB-F56A241E94B2}.Release|iPhone.ActiveCfg = Release|Any CPU
		{50FBF99D-7736-4012-A2CB-F56A241E94B2}.Release|iPhone.Build.0 = Release|Any CPU
		{50FBF99D-7736-4012-A2CB-F56A241E94B2}.Release|iPhone.Deploy.0 = Release|Any CPU
		{50FBF99D-7736-4012-A2CB-F56A241E94B2}.Release|iPhoneSimulator.ActiveCfg = Release|Any CPU
		{50FBF99D-7736-4012-A2CB-F56A241E94B2}.Release|iPhoneSimulator.Build.0 = Release|Any CPU
		{50FBF99D-7736-4012-A2CB-F56A241E94B2}.Release|iPhoneSimulator.Deploy.0 = Release|Any CPU
		{50FBF99D-7736-4012-A2CB-F56A241E94B2}.Release|x64.ActiveCfg = Release|Any CPU
		{50FBF99D-7736-4012-A2CB-F56A241E94B2}.Release|x64.Build.0 = Release|Any CPU
		{50FBF99D-7736-4012-A2CB-F56A241E94B2}.Release|x64.Deploy.0 = Release|Any CPU
		{50FBF99D-7736-4012-A2CB-F56A241E94B2}.Release|x86.ActiveCfg = Release|Any CPU
		{50FBF99D-7736-4012-A2CB-F56A241E94B2}.Release|x86.Build.0 = Release|Any CPU
		{50FBF99D-7736-4012-A2CB-F56A241E94B2}.Release|x86.Deploy.0 = Release|Any CPU
		{FA70D574-E31D-4747-938D-F461D2F4BEAF}.Ad-Hoc|Any CPU.ActiveCfg = Ad-Hoc|iPhone
		{FA70D574-E31D-4747-938D-F461D2F4BEAF}.Ad-Hoc|Any CPU.Build.0 = Ad-Hoc|iPhone
		{FA70D574-E31D-4747-938D-F461D2F4BEAF}.Ad-Hoc|Any CPU.Deploy.0 = Ad-Hoc|iPhone
		{FA70D574-E31D-4747-938D-F461D2F4BEAF}.Ad-Hoc|ARM.ActiveCfg = Ad-Hoc|iPhone
		{FA70D574-E31D-4747-938D-F461D2F4BEAF}.Ad-Hoc|ARM.Build.0 = Ad-Hoc|iPhone
		{FA70D574-E31D-4747-938D-F461D2F4BEAF}.Ad-Hoc|ARM.Deploy.0 = Ad-Hoc|iPhone
		{FA70D574-E31D-4747-938D-F461D2F4BEAF}.Ad-Hoc|iPhone.ActiveCfg = Ad-Hoc|iPhone
		{FA70D574-E31D-4747-938D-F461D2F4BEAF}.Ad-Hoc|iPhone.Build.0 = Ad-Hoc|iPhone
		{FA70D574-E31D-4747-938D-F461D2F4BEAF}.Ad-Hoc|iPhone.Deploy.0 = Ad-Hoc|iPhone
		{FA70D574-E31D-4747-938D-F461D2F4BEAF}.Ad-Hoc|iPhoneSimulator.ActiveCfg = Ad-Hoc|iPhoneSimulator
		{FA70D574-E31D-4747-938D-F461D2F4BEAF}.Ad-Hoc|iPhoneSimulator.Build.0 = Ad-Hoc|iPhoneSimulator
		{FA70D574-E31D-4747-938D-F461D2F4BEAF}.Ad-Hoc|iPhoneSimulator.Deploy.0 = Ad-Hoc|iPhoneSimulator
		{FA70D574-E31D-4747-938D-F461D2F4BEAF}.Ad-Hoc|x64.ActiveCfg = Ad-Hoc|iPhone
		{FA70D574-E31D-4747-938D-F461D2F4BEAF}.Ad-Hoc|x64.Build.0 = Ad-Hoc|iPhone
		{FA70D574-E31D-4747-938D-F461D2F4BEAF}.Ad-Hoc|x64.Deploy.0 = Ad-Hoc|iPhone
		{FA70D574-E31D-4747-938D-F461D2F4BEAF}.Ad-Hoc|x86.ActiveCfg = Ad-Hoc|iPhone
		{FA70D574-E31D-4747-938D-F461D2F4BEAF}.Ad-Hoc|x86.Build.0 = Ad-Hoc|iPhone
		{FA70D574-E31D-4747-938D-F461D2F4BEAF}.Ad-Hoc|x86.Deploy.0 = Ad-Hoc|iPhone
		{FA70D574-E31D-4747-938D-F461D2F4BEAF}.AppStore|Any CPU.ActiveCfg = AppStore|iPhone
		{FA70D574-E31D-4747-938D-F461D2F4BEAF}.AppStore|Any CPU.Build.0 = AppStore|iPhone
		{FA70D574-E31D-4747-938D-F461D2F4BEAF}.AppStore|Any CPU.Deploy.0 = AppStore|iPhone
		{FA70D574-E31D-4747-938D-F461D2F4BEAF}.AppStore|ARM.ActiveCfg = AppStore|iPhone
		{FA70D574-E31D-4747-938D-F461D2F4BEAF}.AppStore|ARM.Build.0 = AppStore|iPhone
		{FA70D574-E31D-4747-938D-F461D2F4BEAF}.AppStore|ARM.Deploy.0 = AppStore|iPhone
		{FA70D574-E31D-4747-938D-F461D2F4BEAF}.AppStore|iPhone.ActiveCfg = AppStore|iPhone
		{FA70D574-E31D-4747-938D-F461D2F4BEAF}.AppStore|iPhone.Build.0 = AppStore|iPhone
		{FA70D574-E31D-4747-938D-F461D2F4BEAF}.AppStore|iPhone.Deploy.0 = AppStore|iPhone
		{FA70D574-E31D-4747-938D-F461D2F4BEAF}.AppStore|iPhoneSimulator.ActiveCfg = AppStore|iPhoneSimulator
		{FA70D574-E31D-4747-938D-F461D2F4BEAF}.AppStore|iPhoneSimulator.Build.0 = AppStore|iPhoneSimulator
		{FA70D574-E31D-4747-938D-F461D2F4BEAF}.AppStore|iPhoneSimulator.Deploy.0 = AppStore|iPhoneSimulator
		{FA70D574-E31D-4747-938D-F461D2F4BEAF}.AppStore|x64.ActiveCfg = AppStore|iPhone
		{FA70D574-E31D-4747-938D-F461D2F4BEAF}.AppStore|x64.Build.0 = AppStore|iPhone
		{FA70D574-E31D-4747-938D-F461D2F4BEAF}.AppStore|x64.Deploy.0 = AppStore|iPhone
		{FA70D574-E31D-4747-938D-F461D2F4BEAF}.AppStore|x86.ActiveCfg = AppStore|iPhone
		{FA70D574-E31D-4747-938D-F461D2F4BEAF}.AppStore|x86.Build.0 = AppStore|iPhone
		{FA70D574-E31D-4747-938D-F461D2F4BEAF}.AppStore|x86.Deploy.0 = AppStore|iPhone
		{FA70D574-E31D-4747-938D-F461D2F4BEAF}.Debug|Any CPU.ActiveCfg = Debug|iPhoneSimulator
		{FA70D574-E31D-4747-938D-F461D2F4BEAF}.Debug|Any CPU.Build.0 = Debug|iPhoneSimulator
		{FA70D574-E31D-4747-938D-F461D2F4BEAF}.Debug|Any CPU.Deploy.0 = Debug|iPhoneSimulator
		{FA70D574-E31D-4747-938D-F461D2F4BEAF}.Debug|ARM.ActiveCfg = Debug|iPhone
		{FA70D574-E31D-4747-938D-F461D2F4BEAF}.Debug|ARM.Build.0 = Debug|iPhone
		{FA70D574-E31D-4747-938D-F461D2F4BEAF}.Debug|ARM.Deploy.0 = Debug|iPhone
		{FA70D574-E31D-4747-938D-F461D2F4BEAF}.Debug|iPhone.ActiveCfg = Debug|iPhone
		{FA70D574-E31D-4747-938D-F461D2F4BEAF}.Debug|iPhone.Build.0 = Debug|iPhone
		{FA70D574-E31D-4747-938D-F461D2F4BEAF}.Debug|iPhone.Deploy.0 = Debug|iPhone
		{FA70D574-E31D-4747-938D-F461D2F4BEAF}.Debug|iPhoneSimulator.ActiveCfg = Debug|iPhoneSimulator
		{FA70D574-E31D-4747-938D-F461D2F4BEAF}.Debug|iPhoneSimulator.Build.0 = Debug|iPhoneSimulator
		{FA70D574-E31D-4747-938D-F461D2F4BEAF}.Debug|iPhoneSimulator.Deploy.0 = Debug|iPhoneSimulator
		{FA70D574-E31D-4747-938D-F461D2F4BEAF}.Debug|x64.ActiveCfg = Debug|iPhone
		{FA70D574-E31D-4747-938D-F461D2F4BEAF}.Debug|x64.Build.0 = Debug|iPhone
		{FA70D574-E31D-4747-938D-F461D2F4BEAF}.Debug|x64.Deploy.0 = Debug|iPhone
		{FA70D574-E31D-4747-938D-F461D2F4BEAF}.Debug|x86.ActiveCfg = Debug|iPhone
		{FA70D574-E31D-4747-938D-F461D2F4BEAF}.Debug|x86.Build.0 = Debug|iPhone
		{FA70D574-E31D-4747-938D-F461D2F4BEAF}.Debug|x86.Deploy.0 = Debug|iPhone
		{FA70D574-E31D-4747-938D-F461D2F4BEAF}.Release|Any CPU.ActiveCfg = Release|iPhone
		{FA70D574-E31D-4747-938D-F461D2F4BEAF}.Release|Any CPU.Build.0 = Release|iPhone
		{FA70D574-E31D-4747-938D-F461D2F4BEAF}.Release|Any CPU.Deploy.0 = Release|iPhone
		{FA70D574-E31D-4747-938D-F461D2F4BEAF}.Release|ARM.ActiveCfg = Release|iPhone
		{FA70D574-E31D-4747-938D-F461D2F4BEAF}.Release|ARM.Build.0 = Release|iPhone
		{FA70D574-E31D-4747-938D-F461D2F4BEAF}.Release|ARM.Deploy.0 = Release|iPhone
		{FA70D574-E31D-4747-938D-F461D2F4BEAF}.Release|iPhone.ActiveCfg = Release|iPhone
		{FA70D574-E31D-4747-938D-F461D2F4BEAF}.Release|iPhone.Build.0 = Release|iPhone
		{FA70D574-E31D-4747-938D-F461D2F4BEAF}.Release|iPhone.Deploy.0 = Release|iPhone
		{FA70D574-E31D-4747-938D-F461D2F4BEAF}.Release|iPhoneSimulator.ActiveCfg = Release|iPhoneSimulator
		{FA70D574-E31D-4747-938D-F461D2F4BEAF}.Release|iPhoneSimulator.Build.0 = Release|iPhoneSimulator
		{FA70D574-E31D-4747-938D-F461D2F4BEAF}.Release|iPhoneSimulator.Deploy.0 = Release|iPhoneSimulator
		{FA70D574-E31D-4747-938D-F461D2F4BEAF}.Release|x64.ActiveCfg = Release|iPhone
		{FA70D574-E31D-4747-938D-F461D2F4BEAF}.Release|x64.Build.0 = Release|iPhone
		{FA70D574-E31D-4747-938D-F461D2F4BEAF}.Release|x64.Deploy.0 = Release|iPhone
		{FA70D574-E31D-4747-938D-F461D2F4BEAF}.Release|x86.ActiveCfg = Release|iPhone
		{FA70D574-E31D-4747-938D-F461D2F4BEAF}.Release|x86.Build.0 = Release|iPhone
		{FA70D574-E31D-4747-938D-F461D2F4BEAF}.Release|x86.Deploy.0 = Release|iPhone
		{58F46D39-FA16-4F30-B71F-79B4BB13158B}.Ad-Hoc|Any CPU.ActiveCfg = Release|x86
		{58F46D39-FA16-4F30-B71F-79B4BB13158B}.Ad-Hoc|Any CPU.Build.0 = Release|x86
		{58F46D39-FA16-4F30-B71F-79B4BB13158B}.Ad-Hoc|Any CPU.Deploy.0 = Release|x86
		{58F46D39-FA16-4F30-B71F-79B4BB13158B}.Ad-Hoc|ARM.ActiveCfg = Release|ARM
		{58F46D39-FA16-4F30-B71F-79B4BB13158B}.Ad-Hoc|ARM.Build.0 = Release|ARM
		{58F46D39-FA16-4F30-B71F-79B4BB13158B}.Ad-Hoc|ARM.Deploy.0 = Release|ARM
		{58F46D39-FA16-4F30-B71F-79B4BB13158B}.Ad-Hoc|iPhone.ActiveCfg = Release|x86
		{58F46D39-FA16-4F30-B71F-79B4BB13158B}.Ad-Hoc|iPhone.Build.0 = Release|x86
		{58F46D39-FA16-4F30-B71F-79B4BB13158B}.Ad-Hoc|iPhone.Deploy.0 = Release|x86
		{58F46D39-FA16-4F30-B71F-79B4BB13158B}.Ad-Hoc|iPhoneSimulator.ActiveCfg = Release|x86
		{58F46D39-FA16-4F30-B71F-79B4BB13158B}.Ad-Hoc|iPhoneSimulator.Build.0 = Release|x86
		{58F46D39-FA16-4F30-B71F-79B4BB13158B}.Ad-Hoc|iPhoneSimulator.Deploy.0 = Release|x86
		{58F46D39-FA16-4F30-B71F-79B4BB13158B}.Ad-Hoc|x64.ActiveCfg = Release|x64
		{58F46D39-FA16-4F30-B71F-79B4BB13158B}.Ad-Hoc|x64.Build.0 = Release|x64
		{58F46D39-FA16-4F30-B71F-79B4BB13158B}.Ad-Hoc|x64.Deploy.0 = Release|x64
		{58F46D39-FA16-4F30-B71F-79B4BB13158B}.Ad-Hoc|x86.ActiveCfg = Release|x86
		{58F46D39-FA16-4F30-B71F-79B4BB13158B}.Ad-Hoc|x86.Build.0 = Release|x86
		{58F46D39-FA16-4F30-B71F-79B4BB13158B}.Ad-Hoc|x86.Deploy.0 = Release|x86
		{58F46D39-FA16-4F30-B71F-79B4BB13158B}.AppStore|Any CPU.ActiveCfg = Release|x86
		{58F46D39-FA16-4F30-B71F-79B4BB13158B}.AppStore|Any CPU.Build.0 = Release|x86
		{58F46D39-FA16-4F30-B71F-79B4BB13158B}.AppStore|Any CPU.Deploy.0 = Release|x86
		{58F46D39-FA16-4F30-B71F-79B4BB13158B}.AppStore|ARM.ActiveCfg = Release|ARM
		{58F46D39-FA16-4F30-B71F-79B4BB13158B}.AppStore|ARM.Build.0 = Release|ARM
		{58F46D39-FA16-4F30-B71F-79B4BB13158B}.AppStore|ARM.Deploy.0 = Release|ARM
		{58F46D39-FA16-4F30-B71F-79B4BB13158B}.AppStore|iPhone.ActiveCfg = Release|x86
		{58F46D39-FA16-4F30-B71F-79B4BB13158B}.AppStore|iPhone.Build.0 = Release|x86
		{58F46D39-FA16-4F30-B71F-79B4BB13158B}.AppStore|iPhone.Deploy.0 = Release|x86
		{58F46D39-FA16-4F30-B71F-79B4BB13158B}.AppStore|iPhoneSimulator.ActiveCfg = Release|x86
		{58F46D39-FA16-4F30-B71F-79B4BB13158B}.AppStore|iPhoneSimulator.Build.0 = Release|x86
		{58F46D39-FA16-4F30-B71F-79B4BB13158B}.AppStore|iPhoneSimulator.Deploy.0 = Release|x86
		{58F46D39-FA16-4F30-B71F-79B4BB13158B}.AppStore|x64.ActiveCfg = Release|x64
		{58F46D39-FA16-4F30-B71F-79B4BB13158B}.AppStore|x64.Build.0 = Release|x64
		{58F46D39-FA16-4F30-B71F-79B4BB13158B}.AppStore|x64.Deploy.0 = Release|x64
		{58F46D39-FA16-4F30-B71F-79B4BB13158B}.AppStore|x86.ActiveCfg = Release|x86
		{58F46D39-FA16-4F30-B71F-79B4BB13158B}.AppStore|x86.Build.0 = Release|x86
		{58F46D39-FA16-4F30-B71F-79B4BB13158B}.AppStore|x86.Deploy.0 = Release|x86
		{58F46D39-FA16-4F30-B71F-79B4BB13158B}.Debug|Any CPU.ActiveCfg = Debug|x86
		{58F46D39-FA16-4F30-B71F-79B4BB13158B}.Debug|Any CPU.Build.0 = Debug|x86
		{58F46D39-FA16-4F30-B71F-79B4BB13158B}.Debug|Any CPU.Deploy.0 = Debug|x86
		{58F46D39-FA16-4F30-B71F-79B4BB13158B}.Debug|ARM.ActiveCfg = Debug|ARM
		{58F46D39-FA16-4F30-B71F-79B4BB13158B}.Debug|ARM.Build.0 = Debug|ARM
		{58F46D39-FA16-4F30-B71F-79B4BB13158B}.Debug|ARM.Deploy.0 = Debug|ARM
		{58F46D39-FA16-4F30-B71F-79B4BB13158B}.Debug|iPhone.ActiveCfg = Debug|x86
		{58F46D39-FA16-4F30-B71F-79B4BB13158B}.Debug|iPhone.Build.0 = Debug|x86
		{58F46D39-FA16-4F30-B71F-79B4BB13158B}.Debug|iPhone.Deploy.0 = Debug|x86
		{58F46D39-FA16-4F30-B71F-79B4BB13158B}.Debug|iPhoneSimulator.ActiveCfg = Debug|x86
		{58F46D39-FA16-4F30-B71F-79B4BB13158B}.Debug|iPhoneSimulator.Build.0 = Debug|x86
		{58F46D39-FA16-4F30-B71F-79B4BB13158B}.Debug|iPhoneSimulator.Deploy.0 = Debug|x86
		{58F46D39-FA16-4F30-B71F-79B4BB13158B}.Debug|x64.ActiveCfg = Debug|x64
		{58F46D39-FA16-4F30-B71F-79B4BB13158B}.Debug|x64.Build.0 = Debug|x64
		{58F46D39-FA16-4F30-B71F-79B4BB13158B}.Debug|x64.Deploy.0 = Debug|x64
		{58F46D39-FA16-4F30-B71F-79B4BB13158B}.Debug|x86.ActiveCfg = Debug|x86
		{58F46D39-FA16-4F30-B71F-79B4BB13158B}.Debug|x86.Build.0 = Debug|x86
		{58F46D39-FA16-4F30-B71F-79B4BB13158B}.Debug|x86.Deploy.0 = Debug|x86
		{58F46D39-FA16-4F30-B71F-79B4BB13158B}.Release|Any CPU.ActiveCfg = Release|x86
		{58F46D39-FA16-4F30-B71F-79B4BB13158B}.Release|Any CPU.Build.0 = Release|x86
		{58F46D39-FA16-4F30-B71F-79B4BB13158B}.Release|Any CPU.Deploy.0 = Release|x86
		{58F46D39-FA16-4F30-B71F-79B4BB13158B}.Release|ARM.ActiveCfg = Release|ARM
		{58F46D39-FA16-4F30-B71F-79B4BB13158B}.Release|ARM.Build.0 = Release|ARM
		{58F46D39-FA16-4F30-B71F-79B4BB13158B}.Release|ARM.Deploy.0 = Release|ARM
		{58F46D39-FA16-4F30-B71F-79B4BB13158B}.Release|iPhone.ActiveCfg = Release|x86
		{58F46D39-FA16-4F30-B71F-79B4BB13158B}.Release|iPhone.Build.0 = Release|x86
		{58F46D39-FA16-4F30-B71F-79B4BB13158B}.Release|iPhone.Deploy.0 = Release|x86
		{58F46D39-FA16-4F30-B71F-79B4BB13158B}.Release|iPhoneSimulator.ActiveCfg = Release|x86
		{58F46D39-FA16-4F30-B71F-79B4BB13158B}.Release|iPhoneSimulator.Build.0 = Release|x86
		{58F46D39-FA16-4F30-B71F-79B4BB13158B}.Release|iPhoneSimulator.Deploy.0 = Release|x86
		{58F46D39-FA16-4F30-B71F-79B4BB13158B}.Release|x64.ActiveCfg = Release|x64
		{58F46D39-FA16-4F30-B71F-79B4BB13158B}.Release|x64.Build.0 = Release|x64
		{58F46D39-FA16-4F30-B71F-79B4BB13158B}.Release|x64.Deploy.0 = Release|x64
		{58F46D39-FA16-4F30-B71F-79B4BB13158B}.Release|x86.ActiveCfg = Release|x86
		{58F46D39-FA16-4F30-B71F-79B4BB13158B}.Release|x86.Build.0 = Release|x86
		{58F46D39-FA16-4F30-B71F-79B4BB13158B}.Release|x86.Deploy.0 = Release|x86
		{A1AE6106-289C-487F-9F9E-088E3986C096}.Ad-Hoc|Any CPU.ActiveCfg = Debug|Any CPU
		{A1AE6106-289C-487F-9F9E-088E3986C096}.Ad-Hoc|Any CPU.Build.0 = Debug|Any CPU
		{A1AE6106-289C-487F-9F9E-088E3986C096}.Ad-Hoc|Any CPU.Deploy.0 = Debug|Any CPU
		{A1AE6106-289C-487F-9F9E-088E3986C096}.Ad-Hoc|ARM.ActiveCfg = Debug|Any CPU
		{A1AE6106-289C-487F-9F9E-088E3986C096}.Ad-Hoc|ARM.Build.0 = Debug|Any CPU
		{A1AE6106-289C-487F-9F9E-088E3986C096}.Ad-Hoc|ARM.Deploy.0 = Debug|Any CPU
		{A1AE6106-289C-487F-9F9E-088E3986C096}.Ad-Hoc|iPhone.ActiveCfg = Debug|Any CPU
		{A1AE6106-289C-487F-9F9E-088E3986C096}.Ad-Hoc|iPhone.Build.0 = Debug|Any CPU
		{A1AE6106-289C-487F-9F9E-088E3986C096}.Ad-Hoc|iPhone.Deploy.0 = Debug|Any CPU
		{A1AE6106-289C-487F-9F9E-088E3986C096}.Ad-Hoc|iPhoneSimulator.ActiveCfg = Debug|Any CPU
		{A1AE6106-289C-487F-9F9E-088E3986C096}.Ad-Hoc|iPhoneSimulator.Build.0 = Debug|Any CPU
		{A1AE6106-289C-487F-9F9E-088E3986C096}.Ad-Hoc|iPhoneSimulator.Deploy.0 = Debug|Any CPU
		{A1AE6106-289C-487F-9F9E-088E3986C096}.Ad-Hoc|x64.ActiveCfg = Debug|Any CPU
		{A1AE6106-289C-487F-9F9E-088E3986C096}.Ad-Hoc|x64.Build.0 = Debug|Any CPU
		{A1AE6106-289C-487F-9F9E-088E3986C096}.Ad-Hoc|x64.Deploy.0 = Debug|Any CPU
		{A1AE6106-289C-487F-9F9E-088E3986C096}.Ad-Hoc|x86.ActiveCfg = Debug|Any CPU
		{A1AE6106-289C-487F-9F9E-088E3986C096}.Ad-Hoc|x86.Build.0 = Debug|Any CPU
		{A1AE6106-289C-487F-9F9E-088E3986C096}.Ad-Hoc|x86.Deploy.0 = Debug|Any CPU
		{A1AE6106-289C-487F-9F9E-088E3986C096}.AppStore|Any CPU.ActiveCfg = Debug|Any CPU
		{A1AE6106-289C-487F-9F9E-088E3986C096}.AppStore|Any CPU.Build.0 = Debug|Any CPU
		{A1AE6106-289C-487F-9F9E-088E3986C096}.AppStore|Any CPU.Deploy.0 = Debug|Any CPU
		{A1AE6106-289C-487F-9F9E-088E3986C096}.AppStore|ARM.ActiveCfg = Debug|Any CPU
		{A1AE6106-289C-487F-9F9E-088E3986C096}.AppStore|ARM.Build.0 = Debug|Any CPU
		{A1AE6106-289C-487F-9F9E-088E3986C096}.AppStore|ARM.Deploy.0 = Debug|Any CPU
		{A1AE6106-289C-487F-9F9E-088E3986C096}.AppStore|iPhone.ActiveCfg = Debug|Any CPU
		{A1AE6106-289C-487F-9F9E-088E3986C096}.AppStore|iPhone.Build.0 = Debug|Any CPU
		{A1AE6106-289C-487F-9F9E-088E3986C096}.AppStore|iPhone.Deploy.0 = Debug|Any CPU
		{A1AE6106-289C-487F-9F9E-088E3986C096}.AppStore|iPhoneSimulator.ActiveCfg = Debug|Any CPU
		{A1AE6106-289C-487F-9F9E-088E3986C096}.AppStore|iPhoneSimulator.Build.0 = Debug|Any CPU
		{A1AE6106-289C-487F-9F9E-088E3986C096}.AppStore|iPhoneSimulator.Deploy.0 = Debug|Any CPU
		{A1AE6106-289C-487F-9F9E-088E3986C096}.AppStore|x64.ActiveCfg = Debug|Any CPU
		{A1AE6106-289C-487F-9F9E-088E3986C096}.AppStore|x64.Build.0 = Debug|Any CPU
		{A1AE6106-289C-487F-9F9E-088E3986C096}.AppStore|x64.Deploy.0 = Debug|Any CPU
		{A1AE6106-289C-487F-9F9E-088E3986C096}.AppStore|x86.ActiveCfg = Debug|Any CPU
		{A1AE6106-289C-487F-9F9E-088E3986C096}.AppStore|x86.Build.0 = Debug|Any CPU
		{A1AE6106-289C-487F-9F9E-088E3986C096}.AppStore|x86.Deploy.0 = Debug|Any CPU
		{A1AE6106-289C-487F-9F9E-088E3986C096}.Debug|Any CPU.ActiveCfg = Debug|Any CPU
		{A1AE6106-289C-487F-9F9E-088E3986C096}.Debug|Any CPU.Build.0 = Debug|Any CPU
		{A1AE6106-289C-487F-9F9E-088E3986C096}.Debug|Any CPU.Deploy.0 = Debug|Any CPU
		{A1AE6106-289C-487F-9F9E-088E3986C096}.Debug|ARM.ActiveCfg = Debug|Any CPU
		{A1AE6106-289C-487F-9F9E-088E3986C096}.Debug|ARM.Build.0 = Debug|Any CPU
		{A1AE6106-289C-487F-9F9E-088E3986C096}.Debug|ARM.Deploy.0 = Debug|Any CPU
		{A1AE6106-289C-487F-9F9E-088E3986C096}.Debug|iPhone.ActiveCfg = Debug|Any CPU
		{A1AE6106-289C-487F-9F9E-088E3986C096}.Debug|iPhone.Build.0 = Debug|Any CPU
		{A1AE6106-289C-487F-9F9E-088E3986C096}.Debug|iPhone.Deploy.0 = Debug|Any CPU
		{A1AE6106-289C-487F-9F9E-088E3986C096}.Debug|iPhoneSimulator.ActiveCfg = Debug|Any CPU
		{A1AE6106-289C-487F-9F9E-088E3986C096}.Debug|iPhoneSimulator.Build.0 = Debug|Any CPU
		{A1AE6106-289C-487F-9F9E-088E3986C096}.Debug|iPhoneSimulator.Deploy.0 = Debug|Any CPU
		{A1AE6106-289C-487F-9F9E-088E3986C096}.Debug|x64.ActiveCfg = Debug|Any CPU
		{A1AE6106-289C-487F-9F9E-088E3986C096}.Debug|x64.Build.0 = Debug|Any CPU
		{A1AE6106-289C-487F-9F9E-088E3986C096}.Debug|x64.Deploy.0 = Debug|Any CPU
		{A1AE6106-289C-487F-9F9E-088E3986C096}.Debug|x86.ActiveCfg = Debug|Any CPU
		{A1AE6106-289C-487F-9F9E-088E3986C096}.Debug|x86.Build.0 = Debug|Any CPU
		{A1AE6106-289C-487F-9F9E-088E3986C096}.Debug|x86.Deploy.0 = Debug|Any CPU
		{A1AE6106-289C-487F-9F9E-088E3986C096}.Release|Any CPU.ActiveCfg = Release|Any CPU
		{A1AE6106-289C-487F-9F9E-088E3986C096}.Release|Any CPU.Build.0 = Release|Any CPU
		{A1AE6106-289C-487F-9F9E-088E3986C096}.Release|Any CPU.Deploy.0 = Release|Any CPU
		{A1AE6106-289C-487F-9F9E-088E3986C096}.Release|ARM.ActiveCfg = Release|Any CPU
		{A1AE6106-289C-487F-9F9E-088E3986C096}.Release|ARM.Build.0 = Release|Any CPU
		{A1AE6106-289C-487F-9F9E-088E3986C096}.Release|ARM.Deploy.0 = Release|Any CPU
		{A1AE6106-289C-487F-9F9E-088E3986C096}.Release|iPhone.ActiveCfg = Release|Any CPU
		{A1AE6106-289C-487F-9F9E-088E3986C096}.Release|iPhone.Build.0 = Release|Any CPU
		{A1AE6106-289C-487F-9F9E-088E3986C096}.Release|iPhone.Deploy.0 = Release|Any CPU
		{A1AE6106-289C-487F-9F9E-088E3986C096}.Release|iPhoneSimulator.ActiveCfg = Release|Any CPU
		{A1AE6106-289C-487F-9F9E-088E3986C096}.Release|iPhoneSimulator.Build.0 = Release|Any CPU
		{A1AE6106-289C-487F-9F9E-088E3986C096}.Release|iPhoneSimulator.Deploy.0 = Release|Any CPU
		{A1AE6106-289C-487F-9F9E-088E3986C096}.Release|x64.ActiveCfg = Release|Any CPU
		{A1AE6106-289C-487F-9F9E-088E3986C096}.Release|x64.Build.0 = Release|Any CPU
		{A1AE6106-289C-487F-9F9E-088E3986C096}.Release|x64.Deploy.0 = Release|Any CPU
		{A1AE6106-289C-487F-9F9E-088E3986C096}.Release|x86.ActiveCfg = Release|Any CPU
		{A1AE6106-289C-487F-9F9E-088E3986C096}.Release|x86.Build.0 = Release|Any CPU
		{A1AE6106-289C-487F-9F9E-088E3986C096}.Release|x86.Deploy.0 = Release|Any CPU
	EndGlobalSection
	GlobalSection(SolutionProperties) = preSolution
		HideSolutionNode = FALSE
	EndGlobalSection
	GlobalSection(ExtensibilityGlobals) = postSolution
		SolutionGuid = {8ED7F628-74AC-4490-AE57-3114FD2DE17F}
	EndGlobalSection
EndGlobal
